// !$*UTF8*$!
{
	archiveVersion = 1;
	classes = {
	};
	objectVersion = 50;
	objects = {

/* Begin PBXBuildFile section */
		703EF24E2706D6CC00EA9823 /* Security.plist in Resources */ = {isa = PBXBuildFile; fileRef = 703EF24D2706D6CC00EA9823 /* Security.plist */; };
		703EF2562706DE9200EA9823 /* HashParameters.swift in Sources */ = {isa = PBXBuildFile; fileRef = 703EF2552706DE9200EA9823 /* HashParameters.swift */; };
		703EF2682706E17800EA9823 /* ServiceError.swift in Sources */ = {isa = PBXBuildFile; fileRef = 703EF2672706E17800EA9823 /* ServiceError.swift */; };
		703EF2832708F6AB00EA9823 /* Security.swift in Sources */ = {isa = PBXBuildFile; fileRef = 703EF2822708F6AB00EA9823 /* Security.swift */; };
		703EF2892708F80100EA9823 /* SecurityError.swift in Sources */ = {isa = PBXBuildFile; fileRef = 703EF2882708F80100EA9823 /* SecurityError.swift */; };
		703EF2A427090F1E00EA9823 /* Security.plist in Resources */ = {isa = PBXBuildFile; fileRef = 703EF2A327090F1E00EA9823 /* Security.plist */; };
		703EF2B8270914B500EA9823 /* Securing.swift in Sources */ = {isa = PBXBuildFile; fileRef = 703EF2B7270914B500EA9823 /* Securing.swift */; };
		7079FDDE2709367E009779BC /* LoadingViewController.swift in Sources */ = {isa = PBXBuildFile; fileRef = 7079FDDD2709367E009779BC /* LoadingViewController.swift */; };
		7079FDE72709654E009779BC /* HeroDetailsViewController.swift in Sources */ = {isa = PBXBuildFile; fileRef = 7079FDE62709654E009779BC /* HeroDetailsViewController.swift */; };
		7079FDEC27096559009779BC /* HeroDetailsViewModel.swift in Sources */ = {isa = PBXBuildFile; fileRef = 7079FDEB27096559009779BC /* HeroDetailsViewModel.swift */; };
		7079FDF2270976C2009779BC /* CachingImageView.swift in Sources */ = {isa = PBXBuildFile; fileRef = 7079FDF1270976C2009779BC /* CachingImageView.swift */; };
		7079FDFA270A1F46009779BC /* HTMLConverter.swift in Sources */ = {isa = PBXBuildFile; fileRef = 7079FDF9270A1F45009779BC /* HTMLConverter.swift */; };
		7079FDFF270A7951009779BC /* Character.swift in Sources */ = {isa = PBXBuildFile; fileRef = 7079FDFE270A7951009779BC /* Character.swift */; };
		7079FE04270A7979009779BC /* Comics.swift in Sources */ = {isa = PBXBuildFile; fileRef = 7079FE03270A7979009779BC /* Comics.swift */; };
		7079FE09270A7991009779BC /* CharacterListData.swift in Sources */ = {isa = PBXBuildFile; fileRef = 7079FE08270A7991009779BC /* CharacterListData.swift */; };
		7079FE0E270A79AB009779BC /* Thumbnail.swift in Sources */ = {isa = PBXBuildFile; fileRef = 7079FE0D270A79AB009779BC /* Thumbnail.swift */; };
		7079FE13270A79CF009779BC /* ComicItem.swift in Sources */ = {isa = PBXBuildFile; fileRef = 7079FE12270A79CF009779BC /* ComicItem.swift */; };
		7079FE18270A79EB009779BC /* Stories.swift in Sources */ = {isa = PBXBuildFile; fileRef = 7079FE17270A79EB009779BC /* Stories.swift */; };
		7079FE1D270A79FB009779BC /* StoryItem.swift in Sources */ = {isa = PBXBuildFile; fileRef = 7079FE1C270A79FB009779BC /* StoryItem.swift */; };
		7079FE22270A7A08009779BC /* Events.swift in Sources */ = {isa = PBXBuildFile; fileRef = 7079FE21270A7A08009779BC /* Events.swift */; };
		7079FE27270A7A21009779BC /* EventItem.swift in Sources */ = {isa = PBXBuildFile; fileRef = 7079FE26270A7A21009779BC /* EventItem.swift */; };
		7079FE30270AD456009779BC /* CacheManager.swift in Sources */ = {isa = PBXBuildFile; fileRef = 7079FE2F270AD456009779BC /* CacheManager.swift */; };
		7079FE3F270B8809009779BC /* HeroListViewModelTests.swift in Sources */ = {isa = PBXBuildFile; fileRef = 7079FE3E270B8809009779BC /* HeroListViewModelTests.swift */; };
		7079FE47270B8894009779BC /* MockServiceHandler.swift in Sources */ = {isa = PBXBuildFile; fileRef = 7079FE46270B8894009779BC /* MockServiceHandler.swift */; };
		7079FE4E270B8956009779BC /* CharactersMockData-page2.json in Resources */ = {isa = PBXBuildFile; fileRef = 703EF2782708F4EE00EA9823 /* CharactersMockData-page2.json */; };
		7079FE59270B895B009779BC /* CharactersMockData.json in Resources */ = {isa = PBXBuildFile; fileRef = 703EF26F2708F3C400EA9823 /* CharactersMockData.json */; };
		7079FE5A270B8960009779BC /* CharacterIronManMockData.json in Resources */ = {isa = PBXBuildFile; fileRef = 703EF27D2708F66200EA9823 /* CharacterIronManMockData.json */; };
		7079FE5F270B8DC6009779BC /* HeroListViewControllerTests.swift in Sources */ = {isa = PBXBuildFile; fileRef = 7079FE5E270B8DC6009779BC /* HeroListViewControllerTests.swift */; };
		70AF1E9A27055A9C00CE9460 /* AppDelegate.swift in Sources */ = {isa = PBXBuildFile; fileRef = 70AF1E9927055A9C00CE9460 /* AppDelegate.swift */; };
		70AF1E9C27055A9C00CE9460 /* SceneDelegate.swift in Sources */ = {isa = PBXBuildFile; fileRef = 70AF1E9B27055A9C00CE9460 /* SceneDelegate.swift */; };
		70AF1EA127055A9C00CE9460 /* Main.storyboard in Resources */ = {isa = PBXBuildFile; fileRef = 70AF1E9F27055A9C00CE9460 /* Main.storyboard */; };
		70AF1EA427055A9C00CE9460 /* MarvelHeroDirectory.xcdatamodeld in Sources */ = {isa = PBXBuildFile; fileRef = 70AF1EA227055A9C00CE9460 /* MarvelHeroDirectory.xcdatamodeld */; };
		70AF1EA627055AA500CE9460 /* Assets.xcassets in Resources */ = {isa = PBXBuildFile; fileRef = 70AF1EA527055AA500CE9460 /* Assets.xcassets */; };
		70AF1EA927055AA500CE9460 /* LaunchScreen.storyboard in Resources */ = {isa = PBXBuildFile; fileRef = 70AF1EA727055AA500CE9460 /* LaunchScreen.storyboard */; };
		70AF1EB427055AA600CE9460 /* MarvelHeroDirectoryTests.swift in Sources */ = {isa = PBXBuildFile; fileRef = 70AF1EB327055AA600CE9460 /* MarvelHeroDirectoryTests.swift */; };
		70AF1EBF27055AA600CE9460 /* MarvelHeroDirectoryUITests.swift in Sources */ = {isa = PBXBuildFile; fileRef = 70AF1EBE27055AA600CE9460 /* MarvelHeroDirectoryUITests.swift */; };
		70AF1EE72705678900CE9460 /* HeroListViewController.swift in Sources */ = {isa = PBXBuildFile; fileRef = 70AF1EE52705678800CE9460 /* HeroListViewController.swift */; };
		70AF1EE82705678900CE9460 /* HeroListViewModel.swift in Sources */ = {isa = PBXBuildFile; fileRef = 70AF1EE62705678900CE9460 /* HeroListViewModel.swift */; };
		70AF1EF127056CEE00CE9460 /* HeroListController+TableView.swift in Sources */ = {isa = PBXBuildFile; fileRef = 70AF1EF027056CEE00CE9460 /* HeroListController+TableView.swift */; };
		70AF1EFC2705705F00CE9460 /* MarvelAPI.swift in Sources */ = {isa = PBXBuildFile; fileRef = 70AF1EFB2705705F00CE9460 /* MarvelAPI.swift */; };
		70AF1F012705712C00CE9460 /* CharacterList.swift in Sources */ = {isa = PBXBuildFile; fileRef = 70AF1F002705712C00CE9460 /* CharacterList.swift */; };
		70AF1F0727057B2100CE9460 /* ServiceManager.swift in Sources */ = {isa = PBXBuildFile; fileRef = 70AF1F0627057B2100CE9460 /* ServiceManager.swift */; };
		70AF1F0F27057D3700CE9460 /* ServiceErrors.swift in Sources */ = {isa = PBXBuildFile; fileRef = 70AF1F0E27057D3700CE9460 /* ServiceErrors.swift */; };
		70AF1F1427057E2C00CE9460 /* ServiceHandler.swift in Sources */ = {isa = PBXBuildFile; fileRef = 70AF1F1327057E2C00CE9460 /* ServiceHandler.swift */; };
		70AF1F1C2705853100CE9460 /* ServiceTypeAlias.swift in Sources */ = {isa = PBXBuildFile; fileRef = 70AF1F1B2705853100CE9460 /* ServiceTypeAlias.swift */; };
		70AF1F2227058BBC00CE9460 /* ErrorAlert.swift in Sources */ = {isa = PBXBuildFile; fileRef = 70AF1F2127058BBC00CE9460 /* ErrorAlert.swift */; };
		70AF1F382706CA8E00CE9460 /* HeroListController+SearchBar.swift in Sources */ = {isa = PBXBuildFile; fileRef = 70AF1F372706CA8E00CE9460 /* HeroListController+SearchBar.swift */; };
		70AF1F402706D11300CE9460 /* HeroTableViewCell.swift in Sources */ = {isa = PBXBuildFile; fileRef = 70AF1F3F2706D11300CE9460 /* HeroTableViewCell.swift */; };
/* End PBXBuildFile section */

/* Begin PBXContainerItemProxy section */
		70AF1EB027055AA600CE9460 /* PBXContainerItemProxy */ = {
			isa = PBXContainerItemProxy;
			containerPortal = 70AF1E8E27055A9C00CE9460 /* Project object */;
			proxyType = 1;
			remoteGlobalIDString = 70AF1E9527055A9C00CE9460;
			remoteInfo = MarvelHeroDirectory;
		};
		70AF1EBB27055AA600CE9460 /* PBXContainerItemProxy */ = {
			isa = PBXContainerItemProxy;
			containerPortal = 70AF1E8E27055A9C00CE9460 /* Project object */;
			proxyType = 1;
			remoteGlobalIDString = 70AF1E9527055A9C00CE9460;
			remoteInfo = MarvelHeroDirectory;
		};
/* End PBXContainerItemProxy section */

/* Begin PBXFileReference section */
		703EF24D2706D6CC00EA9823 /* Security.plist */ = {isa = PBXFileReference; lastKnownFileType = text.plist.xml; path = Security.plist; sourceTree = "<group>"; };
		703EF2552706DE9200EA9823 /* HashParameters.swift */ = {isa = PBXFileReference; lastKnownFileType = sourcecode.swift; path = HashParameters.swift; sourceTree = "<group>"; };
		703EF2672706E17800EA9823 /* ServiceError.swift */ = {isa = PBXFileReference; lastKnownFileType = sourcecode.swift; path = ServiceError.swift; sourceTree = "<group>"; };
		703EF26F2708F3C400EA9823 /* CharactersMockData.json */ = {isa = PBXFileReference; fileEncoding = 4; lastKnownFileType = text.json; path = CharactersMockData.json; sourceTree = "<group>"; };
		703EF2782708F4EE00EA9823 /* CharactersMockData-page2.json */ = {isa = PBXFileReference; fileEncoding = 4; lastKnownFileType = text.json; path = "CharactersMockData-page2.json"; sourceTree = "<group>"; };
		703EF27D2708F66200EA9823 /* CharacterIronManMockData.json */ = {isa = PBXFileReference; fileEncoding = 4; lastKnownFileType = text.json; path = CharacterIronManMockData.json; sourceTree = "<group>"; };
		703EF2822708F6AB00EA9823 /* Security.swift */ = {isa = PBXFileReference; lastKnownFileType = sourcecode.swift; path = Security.swift; sourceTree = "<group>"; };
		703EF2882708F80100EA9823 /* SecurityError.swift */ = {isa = PBXFileReference; lastKnownFileType = sourcecode.swift; path = SecurityError.swift; sourceTree = "<group>"; };
		703EF2A327090F1E00EA9823 /* Security.plist */ = {isa = PBXFileReference; lastKnownFileType = text.plist.xml; path = Security.plist; sourceTree = "<group>"; };
		703EF2B7270914B500EA9823 /* Securing.swift */ = {isa = PBXFileReference; lastKnownFileType = sourcecode.swift; path = Securing.swift; sourceTree = "<group>"; };
		7079FDDD2709367E009779BC /* LoadingViewController.swift */ = {isa = PBXFileReference; lastKnownFileType = sourcecode.swift; path = LoadingViewController.swift; sourceTree = "<group>"; };
		7079FDE62709654E009779BC /* HeroDetailsViewController.swift */ = {isa = PBXFileReference; lastKnownFileType = sourcecode.swift; path = HeroDetailsViewController.swift; sourceTree = "<group>"; };
		7079FDEB27096559009779BC /* HeroDetailsViewModel.swift */ = {isa = PBXFileReference; lastKnownFileType = sourcecode.swift; path = HeroDetailsViewModel.swift; sourceTree = "<group>"; };
		7079FDF1270976C2009779BC /* CachingImageView.swift */ = {isa = PBXFileReference; lastKnownFileType = sourcecode.swift; path = CachingImageView.swift; sourceTree = "<group>"; };
		7079FDF9270A1F45009779BC /* HTMLConverter.swift */ = {isa = PBXFileReference; lastKnownFileType = sourcecode.swift; path = HTMLConverter.swift; sourceTree = "<group>"; };
		7079FDFE270A7951009779BC /* Character.swift */ = {isa = PBXFileReference; lastKnownFileType = sourcecode.swift; path = Character.swift; sourceTree = "<group>"; };
		7079FE03270A7979009779BC /* Comics.swift */ = {isa = PBXFileReference; lastKnownFileType = sourcecode.swift; path = Comics.swift; sourceTree = "<group>"; };
		7079FE08270A7991009779BC /* CharacterListData.swift */ = {isa = PBXFileReference; lastKnownFileType = sourcecode.swift; path = CharacterListData.swift; sourceTree = "<group>"; };
		7079FE0D270A79AB009779BC /* Thumbnail.swift */ = {isa = PBXFileReference; lastKnownFileType = sourcecode.swift; path = Thumbnail.swift; sourceTree = "<group>"; };
		7079FE12270A79CF009779BC /* ComicItem.swift */ = {isa = PBXFileReference; lastKnownFileType = sourcecode.swift; path = ComicItem.swift; sourceTree = "<group>"; };
		7079FE17270A79EB009779BC /* Stories.swift */ = {isa = PBXFileReference; lastKnownFileType = sourcecode.swift; path = Stories.swift; sourceTree = "<group>"; };
		7079FE1C270A79FB009779BC /* StoryItem.swift */ = {isa = PBXFileReference; lastKnownFileType = sourcecode.swift; path = StoryItem.swift; sourceTree = "<group>"; };
		7079FE21270A7A08009779BC /* Events.swift */ = {isa = PBXFileReference; lastKnownFileType = sourcecode.swift; path = Events.swift; sourceTree = "<group>"; };
		7079FE26270A7A21009779BC /* EventItem.swift */ = {isa = PBXFileReference; lastKnownFileType = sourcecode.swift; path = EventItem.swift; sourceTree = "<group>"; };
		7079FE2F270AD456009779BC /* CacheManager.swift */ = {isa = PBXFileReference; lastKnownFileType = sourcecode.swift; path = CacheManager.swift; sourceTree = "<group>"; };
		7079FE3E270B8809009779BC /* HeroListViewModelTests.swift */ = {isa = PBXFileReference; lastKnownFileType = sourcecode.swift; path = HeroListViewModelTests.swift; sourceTree = "<group>"; };
		7079FE46270B8894009779BC /* MockServiceHandler.swift */ = {isa = PBXFileReference; lastKnownFileType = sourcecode.swift; path = MockServiceHandler.swift; sourceTree = "<group>"; };
		7079FE5E270B8DC6009779BC /* HeroListViewControllerTests.swift */ = {isa = PBXFileReference; lastKnownFileType = sourcecode.swift; path = HeroListViewControllerTests.swift; sourceTree = "<group>"; };
		70AF1E9627055A9C00CE9460 /* MarvelHeroDirectory.app */ = {isa = PBXFileReference; explicitFileType = wrapper.application; includeInIndex = 0; path = MarvelHeroDirectory.app; sourceTree = BUILT_PRODUCTS_DIR; };
		70AF1E9927055A9C00CE9460 /* AppDelegate.swift */ = {isa = PBXFileReference; lastKnownFileType = sourcecode.swift; path = AppDelegate.swift; sourceTree = "<group>"; };
		70AF1E9B27055A9C00CE9460 /* SceneDelegate.swift */ = {isa = PBXFileReference; lastKnownFileType = sourcecode.swift; path = SceneDelegate.swift; sourceTree = "<group>"; };
		70AF1EA027055A9C00CE9460 /* Base */ = {isa = PBXFileReference; lastKnownFileType = file.storyboard; name = Base; path = Base.lproj/Main.storyboard; sourceTree = "<group>"; };
		70AF1EA327055A9C00CE9460 /* MarvelHeroDirectory.xcdatamodel */ = {isa = PBXFileReference; lastKnownFileType = wrapper.xcdatamodel; path = MarvelHeroDirectory.xcdatamodel; sourceTree = "<group>"; };
		70AF1EA527055AA500CE9460 /* Assets.xcassets */ = {isa = PBXFileReference; lastKnownFileType = folder.assetcatalog; path = Assets.xcassets; sourceTree = "<group>"; };
		70AF1EA827055AA500CE9460 /* Base */ = {isa = PBXFileReference; lastKnownFileType = file.storyboard; name = Base; path = Base.lproj/LaunchScreen.storyboard; sourceTree = "<group>"; };
		70AF1EAA27055AA500CE9460 /* Info.plist */ = {isa = PBXFileReference; lastKnownFileType = text.plist.xml; path = Info.plist; sourceTree = "<group>"; };
		70AF1EAF27055AA600CE9460 /* MarvelHeroDirectoryTests.xctest */ = {isa = PBXFileReference; explicitFileType = wrapper.cfbundle; includeInIndex = 0; path = MarvelHeroDirectoryTests.xctest; sourceTree = BUILT_PRODUCTS_DIR; };
		70AF1EB327055AA600CE9460 /* MarvelHeroDirectoryTests.swift */ = {isa = PBXFileReference; lastKnownFileType = sourcecode.swift; path = MarvelHeroDirectoryTests.swift; sourceTree = "<group>"; };
		70AF1EB527055AA600CE9460 /* Info.plist */ = {isa = PBXFileReference; lastKnownFileType = text.plist.xml; path = Info.plist; sourceTree = "<group>"; };
		70AF1EBA27055AA600CE9460 /* MarvelHeroDirectoryUITests.xctest */ = {isa = PBXFileReference; explicitFileType = wrapper.cfbundle; includeInIndex = 0; path = MarvelHeroDirectoryUITests.xctest; sourceTree = BUILT_PRODUCTS_DIR; };
		70AF1EBE27055AA600CE9460 /* MarvelHeroDirectoryUITests.swift */ = {isa = PBXFileReference; lastKnownFileType = sourcecode.swift; path = MarvelHeroDirectoryUITests.swift; sourceTree = "<group>"; };
		70AF1EC027055AA600CE9460 /* Info.plist */ = {isa = PBXFileReference; lastKnownFileType = text.plist.xml; path = Info.plist; sourceTree = "<group>"; };
		70AF1EE52705678800CE9460 /* HeroListViewController.swift */ = {isa = PBXFileReference; fileEncoding = 4; lastKnownFileType = sourcecode.swift; path = HeroListViewController.swift; sourceTree = "<group>"; };
		70AF1EE62705678900CE9460 /* HeroListViewModel.swift */ = {isa = PBXFileReference; fileEncoding = 4; lastKnownFileType = sourcecode.swift; path = HeroListViewModel.swift; sourceTree = "<group>"; };
		70AF1EF027056CEE00CE9460 /* HeroListController+TableView.swift */ = {isa = PBXFileReference; lastKnownFileType = sourcecode.swift; path = "HeroListController+TableView.swift"; sourceTree = "<group>"; };
		70AF1EFB2705705F00CE9460 /* MarvelAPI.swift */ = {isa = PBXFileReference; lastKnownFileType = sourcecode.swift; path = MarvelAPI.swift; sourceTree = "<group>"; };
		70AF1F002705712C00CE9460 /* CharacterList.swift */ = {isa = PBXFileReference; lastKnownFileType = sourcecode.swift; path = CharacterList.swift; sourceTree = "<group>"; };
		70AF1F0627057B2100CE9460 /* ServiceManager.swift */ = {isa = PBXFileReference; lastKnownFileType = sourcecode.swift; path = ServiceManager.swift; sourceTree = "<group>"; };
		70AF1F0E27057D3700CE9460 /* ServiceErrors.swift */ = {isa = PBXFileReference; lastKnownFileType = sourcecode.swift; path = ServiceErrors.swift; sourceTree = "<group>"; };
		70AF1F1327057E2C00CE9460 /* ServiceHandler.swift */ = {isa = PBXFileReference; lastKnownFileType = sourcecode.swift; path = ServiceHandler.swift; sourceTree = "<group>"; };
		70AF1F1B2705853100CE9460 /* ServiceTypeAlias.swift */ = {isa = PBXFileReference; lastKnownFileType = sourcecode.swift; path = ServiceTypeAlias.swift; sourceTree = "<group>"; };
		70AF1F2127058BBC00CE9460 /* ErrorAlert.swift */ = {isa = PBXFileReference; lastKnownFileType = sourcecode.swift; path = ErrorAlert.swift; sourceTree = "<group>"; };
		70AF1F372706CA8E00CE9460 /* HeroListController+SearchBar.swift */ = {isa = PBXFileReference; lastKnownFileType = sourcecode.swift; path = "HeroListController+SearchBar.swift"; sourceTree = "<group>"; };
		70AF1F3F2706D11300CE9460 /* HeroTableViewCell.swift */ = {isa = PBXFileReference; lastKnownFileType = sourcecode.swift; path = HeroTableViewCell.swift; sourceTree = "<group>"; };
/* End PBXFileReference section */

/* Begin PBXFrameworksBuildPhase section */
		70AF1E9327055A9C00CE9460 /* Frameworks */ = {
			isa = PBXFrameworksBuildPhase;
			buildActionMask = 2147483647;
			files = (
			);
			runOnlyForDeploymentPostprocessing = 0;
		};
		70AF1EAC27055AA600CE9460 /* Frameworks */ = {
			isa = PBXFrameworksBuildPhase;
			buildActionMask = 2147483647;
			files = (
			);
			runOnlyForDeploymentPostprocessing = 0;
		};
		70AF1EB727055AA600CE9460 /* Frameworks */ = {
			isa = PBXFrameworksBuildPhase;
			buildActionMask = 2147483647;
			files = (
			);
			runOnlyForDeploymentPostprocessing = 0;
		};
/* End PBXFrameworksBuildPhase section */

/* Begin PBXGroup section */
		703EF2662706E16B00EA9823 /* MarvelAPI */ = {
			isa = PBXGroup;
			children = (
				703EF2672706E17800EA9823 /* ServiceError.swift */,
			);
			path = MarvelAPI;
			sourceTree = "<group>";
		};
		703EF2742708F3C700EA9823 /* MockData */ = {
			isa = PBXGroup;
			children = (
				703EF2782708F4EE00EA9823 /* CharactersMockData-page2.json */,
				703EF26F2708F3C400EA9823 /* CharactersMockData.json */,
				703EF27D2708F66200EA9823 /* CharacterIronManMockData.json */,
			);
			path = MockData;
			sourceTree = "<group>";
		};
		703EF2872708F7EE00EA9823 /* Utility */ = {
			isa = PBXGroup;
			children = (
				7079FDDD2709367E009779BC /* LoadingViewController.swift */,
				7079FDF9270A1F45009779BC /* HTMLConverter.swift */,
			);
			path = Utility;
			sourceTree = "<group>";
		};
		703EF2902708F80600EA9823 /* Security */ = {
			isa = PBXGroup;
			children = (
				703EF2552706DE9200EA9823 /* HashParameters.swift */,
				703EF2882708F80100EA9823 /* SecurityError.swift */,
			);
			path = Security;
			sourceTree = "<group>";
		};
		703EF29727090DA700EA9823 /* Security */ = {
			isa = PBXGroup;
			children = (
				703EF2822708F6AB00EA9823 /* Security.swift */,
				703EF24D2706D6CC00EA9823 /* Security.plist */,
				703EF2B7270914B500EA9823 /* Securing.swift */,
			);
			path = Security;
			sourceTree = "<group>";
		};
		703EF2AB270913D500EA9823 /* Mocks */ = {
			isa = PBXGroup;
			children = (
				7079FE46270B8894009779BC /* MockServiceHandler.swift */,
			);
			path = Mocks;
			sourceTree = "<group>";
		};
		703EF2AC270913DD00EA9823 /* Tests */ = {
			isa = PBXGroup;
			children = (
				7079FE5E270B8DC6009779BC /* HeroListViewControllerTests.swift */,
				7079FE3E270B8809009779BC /* HeroListViewModelTests.swift */,
			);
			path = Tests;
			sourceTree = "<group>";
		};
		7079FDE227096512009779BC /* HeroDetails */ = {
			isa = PBXGroup;
			children = (
				7079FDE62709654E009779BC /* HeroDetailsViewController.swift */,
				7079FDEB27096559009779BC /* HeroDetailsViewModel.swift */,
			);
			path = HeroDetails;
			sourceTree = "<group>";
		};
		7079FE2E270AD446009779BC /* Cache */ = {
			isa = PBXGroup;
			children = (
				7079FE2F270AD456009779BC /* CacheManager.swift */,
			);
			path = Cache;
			sourceTree = "<group>";
		};
		70AF1E8D27055A9C00CE9460 = {
			isa = PBXGroup;
			children = (
				70AF1E9827055A9C00CE9460 /* MarvelHeroDirectory */,
				70AF1EB227055AA600CE9460 /* MarvelHeroDirectoryTests */,
				70AF1EBD27055AA600CE9460 /* MarvelHeroDirectoryUITests */,
				70AF1E9727055A9C00CE9460 /* Products */,
			);
			sourceTree = "<group>";
		};
		70AF1E9727055A9C00CE9460 /* Products */ = {
			isa = PBXGroup;
			children = (
				70AF1E9627055A9C00CE9460 /* MarvelHeroDirectory.app */,
				70AF1EAF27055AA600CE9460 /* MarvelHeroDirectoryTests.xctest */,
				70AF1EBA27055AA600CE9460 /* MarvelHeroDirectoryUITests.xctest */,
			);
			name = Products;
			sourceTree = "<group>";
		};
		70AF1E9827055A9C00CE9460 /* MarvelHeroDirectory */ = {
			isa = PBXGroup;
			children = (
				7079FE2E270AD446009779BC /* Cache */,
				703EF29727090DA700EA9823 /* Security */,
				703EF2872708F7EE00EA9823 /* Utility */,
				70AF1F2027058BA900CE9460 /* ErrorAlert */,
				70AF1F0527057A8600CE9460 /* API Requests */,
				70AF1EEF27056CA300CE9460 /* Models */,
				70AF1ED027055AE300CE9460 /* HeroTableView */,
				7079FDE227096512009779BC /* HeroDetails */,
				70AF1ECF27055AD200CE9460 /* App */,
				70AF1E9F27055A9C00CE9460 /* Main.storyboard */,
				70AF1EA527055AA500CE9460 /* Assets.xcassets */,
				70AF1EA727055AA500CE9460 /* LaunchScreen.storyboard */,
				70AF1EAA27055AA500CE9460 /* Info.plist */,
				70AF1EA227055A9C00CE9460 /* MarvelHeroDirectory.xcdatamodeld */,
			);
			path = MarvelHeroDirectory;
			sourceTree = "<group>";
		};
		70AF1EB227055AA600CE9460 /* MarvelHeroDirectoryTests */ = {
			isa = PBXGroup;
			children = (
				703EF2742708F3C700EA9823 /* MockData */,
				703EF2AC270913DD00EA9823 /* Tests */,
				703EF2AB270913D500EA9823 /* Mocks */,
				70AF1EB327055AA600CE9460 /* MarvelHeroDirectoryTests.swift */,
				70AF1EB527055AA600CE9460 /* Info.plist */,
				703EF2A327090F1E00EA9823 /* Security.plist */,
			);
			path = MarvelHeroDirectoryTests;
			sourceTree = "<group>";
		};
		70AF1EBD27055AA600CE9460 /* MarvelHeroDirectoryUITests */ = {
			isa = PBXGroup;
			children = (
				70AF1EBE27055AA600CE9460 /* MarvelHeroDirectoryUITests.swift */,
				70AF1EC027055AA600CE9460 /* Info.plist */,
			);
			path = MarvelHeroDirectoryUITests;
			sourceTree = "<group>";
		};
		70AF1ECF27055AD200CE9460 /* App */ = {
			isa = PBXGroup;
			children = (
				70AF1E9927055A9C00CE9460 /* AppDelegate.swift */,
				70AF1E9B27055A9C00CE9460 /* SceneDelegate.swift */,
			);
			path = App;
			sourceTree = "<group>";
		};
		70AF1ED027055AE300CE9460 /* HeroTableView */ = {
			isa = PBXGroup;
			children = (
				70AF1F442706D11800CE9460 /* Views */,
				70AF1EE52705678800CE9460 /* HeroListViewController.swift */,
				70AF1EF027056CEE00CE9460 /* HeroListController+TableView.swift */,
				70AF1F372706CA8E00CE9460 /* HeroListController+SearchBar.swift */,
				70AF1EE62705678900CE9460 /* HeroListViewModel.swift */,
			);
			path = HeroTableView;
			sourceTree = "<group>";
		};
		70AF1EEF27056CA300CE9460 /* Models */ = {
			isa = PBXGroup;
			children = (
				703EF2902708F80600EA9823 /* Security */,
				703EF2662706E16B00EA9823 /* MarvelAPI */,
				70AF1F002705712C00CE9460 /* CharacterList.swift */,
				7079FDFE270A7951009779BC /* Character.swift */,
				7079FE03270A7979009779BC /* Comics.swift */,
				7079FE08270A7991009779BC /* CharacterListData.swift */,
				7079FE0D270A79AB009779BC /* Thumbnail.swift */,
				7079FE12270A79CF009779BC /* ComicItem.swift */,
				7079FE17270A79EB009779BC /* Stories.swift */,
				7079FE1C270A79FB009779BC /* StoryItem.swift */,
				7079FE21270A7A08009779BC /* Events.swift */,
				7079FE26270A7A21009779BC /* EventItem.swift */,
			);
			path = Models;
			sourceTree = "<group>";
		};
		70AF1F0527057A8600CE9460 /* API Requests */ = {
			isa = PBXGroup;
			children = (
				70AF1EFB2705705F00CE9460 /* MarvelAPI.swift */,
				70AF1F0627057B2100CE9460 /* ServiceManager.swift */,
				70AF1F1327057E2C00CE9460 /* ServiceHandler.swift */,
				70AF1F0E27057D3700CE9460 /* ServiceErrors.swift */,
				70AF1F1B2705853100CE9460 /* ServiceTypeAlias.swift */,
			);
			path = "API Requests";
			sourceTree = "<group>";
		};
		70AF1F2027058BA900CE9460 /* ErrorAlert */ = {
			isa = PBXGroup;
			children = (
				70AF1F2127058BBC00CE9460 /* ErrorAlert.swift */,
			);
			path = ErrorAlert;
			sourceTree = "<group>";
		};
		70AF1F442706D11800CE9460 /* Views */ = {
			isa = PBXGroup;
			children = (
				70AF1F3F2706D11300CE9460 /* HeroTableViewCell.swift */,
				7079FDF1270976C2009779BC /* CachingImageView.swift */,
			);
			path = Views;
			sourceTree = "<group>";
		};
/* End PBXGroup section */

/* Begin PBXNativeTarget section */
		70AF1E9527055A9C00CE9460 /* MarvelHeroDirectory */ = {
			isa = PBXNativeTarget;
			buildConfigurationList = 70AF1EC327055AA600CE9460 /* Build configuration list for PBXNativeTarget "MarvelHeroDirectory" */;
			buildPhases = (
				70AF1E9227055A9C00CE9460 /* Sources */,
				70AF1E9327055A9C00CE9460 /* Frameworks */,
				70AF1E9427055A9C00CE9460 /* Resources */,
			);
			buildRules = (
			);
			dependencies = (
			);
			name = MarvelHeroDirectory;
			productName = MarvelHeroDirectory;
			productReference = 70AF1E9627055A9C00CE9460 /* MarvelHeroDirectory.app */;
			productType = "com.apple.product-type.application";
		};
		70AF1EAE27055AA600CE9460 /* MarvelHeroDirectoryTests */ = {
			isa = PBXNativeTarget;
			buildConfigurationList = 70AF1EC627055AA600CE9460 /* Build configuration list for PBXNativeTarget "MarvelHeroDirectoryTests" */;
			buildPhases = (
				70AF1EAB27055AA600CE9460 /* Sources */,
				70AF1EAC27055AA600CE9460 /* Frameworks */,
				70AF1EAD27055AA600CE9460 /* Resources */,
			);
			buildRules = (
			);
			dependencies = (
				70AF1EB127055AA600CE9460 /* PBXTargetDependency */,
			);
			name = MarvelHeroDirectoryTests;
			productName = MarvelHeroDirectoryTests;
			productReference = 70AF1EAF27055AA600CE9460 /* MarvelHeroDirectoryTests.xctest */;
			productType = "com.apple.product-type.bundle.unit-test";
		};
		70AF1EB927055AA600CE9460 /* MarvelHeroDirectoryUITests */ = {
			isa = PBXNativeTarget;
			buildConfigurationList = 70AF1EC927055AA600CE9460 /* Build configuration list for PBXNativeTarget "MarvelHeroDirectoryUITests" */;
			buildPhases = (
				70AF1EB627055AA600CE9460 /* Sources */,
				70AF1EB727055AA600CE9460 /* Frameworks */,
				70AF1EB827055AA600CE9460 /* Resources */,
			);
			buildRules = (
			);
			dependencies = (
				70AF1EBC27055AA600CE9460 /* PBXTargetDependency */,
			);
			name = MarvelHeroDirectoryUITests;
			productName = MarvelHeroDirectoryUITests;
			productReference = 70AF1EBA27055AA600CE9460 /* MarvelHeroDirectoryUITests.xctest */;
			productType = "com.apple.product-type.bundle.ui-testing";
		};
/* End PBXNativeTarget section */

/* Begin PBXProject section */
		70AF1E8E27055A9C00CE9460 /* Project object */ = {
			isa = PBXProject;
			attributes = {
				LastSwiftUpdateCheck = 1240;
				LastUpgradeCheck = 1240;
				TargetAttributes = {
					70AF1E9527055A9C00CE9460 = {
						CreatedOnToolsVersion = 12.4;
					};
					70AF1EAE27055AA600CE9460 = {
						CreatedOnToolsVersion = 12.4;
						TestTargetID = 70AF1E9527055A9C00CE9460;
					};
					70AF1EB927055AA600CE9460 = {
						CreatedOnToolsVersion = 12.4;
						TestTargetID = 70AF1E9527055A9C00CE9460;
					};
				};
			};
			buildConfigurationList = 70AF1E9127055A9C00CE9460 /* Build configuration list for PBXProject "MarvelHeroDirectory" */;
			compatibilityVersion = "Xcode 9.3";
			developmentRegion = en;
			hasScannedForEncodings = 0;
			knownRegions = (
				en,
				Base,
			);
			mainGroup = 70AF1E8D27055A9C00CE9460;
			productRefGroup = 70AF1E9727055A9C00CE9460 /* Products */;
			projectDirPath = "";
			projectRoot = "";
			targets = (
				70AF1E9527055A9C00CE9460 /* MarvelHeroDirectory */,
				70AF1EAE27055AA600CE9460 /* MarvelHeroDirectoryTests */,
				70AF1EB927055AA600CE9460 /* MarvelHeroDirectoryUITests */,
			);
		};
/* End PBXProject section */

/* Begin PBXResourcesBuildPhase section */
		70AF1E9427055A9C00CE9460 /* Resources */ = {
			isa = PBXResourcesBuildPhase;
			buildActionMask = 2147483647;
			files = (
				70AF1EA927055AA500CE9460 /* LaunchScreen.storyboard in Resources */,
				70AF1EA627055AA500CE9460 /* Assets.xcassets in Resources */,
				703EF24E2706D6CC00EA9823 /* Security.plist in Resources */,
				70AF1EA127055A9C00CE9460 /* Main.storyboard in Resources */,
			);
			runOnlyForDeploymentPostprocessing = 0;
		};
		70AF1EAD27055AA600CE9460 /* Resources */ = {
			isa = PBXResourcesBuildPhase;
			buildActionMask = 2147483647;
			files = (
				7079FE59270B895B009779BC /* CharactersMockData.json in Resources */,
				703EF2A427090F1E00EA9823 /* Security.plist in Resources */,
				7079FE5A270B8960009779BC /* CharacterIronManMockData.json in Resources */,
				7079FE4E270B8956009779BC /* CharactersMockData-page2.json in Resources */,
			);
			runOnlyForDeploymentPostprocessing = 0;
		};
		70AF1EB827055AA600CE9460 /* Resources */ = {
			isa = PBXResourcesBuildPhase;
			buildActionMask = 2147483647;
			files = (
			);
			runOnlyForDeploymentPostprocessing = 0;
		};
/* End PBXResourcesBuildPhase section */

/* Begin PBXSourcesBuildPhase section */
		70AF1E9227055A9C00CE9460 /* Sources */ = {
			isa = PBXSourcesBuildPhase;
			buildActionMask = 2147483647;
			files = (
				7079FDEC27096559009779BC /* HeroDetailsViewModel.swift in Sources */,
				7079FE22270A7A08009779BC /* Events.swift in Sources */,
				70AF1EE72705678900CE9460 /* HeroListViewController.swift in Sources */,
				70AF1EA427055A9C00CE9460 /* MarvelHeroDirectory.xcdatamodeld in Sources */,
				70AF1E9A27055A9C00CE9460 /* AppDelegate.swift in Sources */,
				70AF1F2227058BBC00CE9460 /* ErrorAlert.swift in Sources */,
				7079FE30270AD456009779BC /* CacheManager.swift in Sources */,
				70AF1F402706D11300CE9460 /* HeroTableViewCell.swift in Sources */,
				703EF2832708F6AB00EA9823 /* Security.swift in Sources */,
				70AF1EF127056CEE00CE9460 /* HeroListController+TableView.swift in Sources */,
				70AF1F382706CA8E00CE9460 /* HeroListController+SearchBar.swift in Sources */,
				703EF2562706DE9200EA9823 /* HashParameters.swift in Sources */,
				703EF2B8270914B500EA9823 /* Securing.swift in Sources */,
				703EF2682706E17800EA9823 /* ServiceError.swift in Sources */,
				70AF1E9C27055A9C00CE9460 /* SceneDelegate.swift in Sources */,
				7079FDFF270A7951009779BC /* Character.swift in Sources */,
				7079FDF2270976C2009779BC /* CachingImageView.swift in Sources */,
				70AF1F0727057B2100CE9460 /* ServiceManager.swift in Sources */,
				70AF1F0F27057D3700CE9460 /* ServiceErrors.swift in Sources */,
				7079FDDE2709367E009779BC /* LoadingViewController.swift in Sources */,
				7079FE13270A79CF009779BC /* ComicItem.swift in Sources */,
				7079FDE72709654E009779BC /* HeroDetailsViewController.swift in Sources */,
				7079FE0E270A79AB009779BC /* Thumbnail.swift in Sources */,
				70AF1EFC2705705F00CE9460 /* MarvelAPI.swift in Sources */,
				70AF1F1427057E2C00CE9460 /* ServiceHandler.swift in Sources */,
				70AF1EE82705678900CE9460 /* HeroListViewModel.swift in Sources */,
				70AF1F1C2705853100CE9460 /* ServiceTypeAlias.swift in Sources */,
				7079FDFA270A1F46009779BC /* HTMLConverter.swift in Sources */,
				7079FE1D270A79FB009779BC /* StoryItem.swift in Sources */,
				70AF1F012705712C00CE9460 /* CharacterList.swift in Sources */,
				7079FE09270A7991009779BC /* CharacterListData.swift in Sources */,
				703EF2892708F80100EA9823 /* SecurityError.swift in Sources */,
				7079FE18270A79EB009779BC /* Stories.swift in Sources */,
				7079FE04270A7979009779BC /* Comics.swift in Sources */,
				7079FE27270A7A21009779BC /* EventItem.swift in Sources */,
			);
			runOnlyForDeploymentPostprocessing = 0;
		};
		70AF1EAB27055AA600CE9460 /* Sources */ = {
			isa = PBXSourcesBuildPhase;
			buildActionMask = 2147483647;
			files = (
				7079FE5F270B8DC6009779BC /* HeroListViewControllerTests.swift in Sources */,
				7079FE3F270B8809009779BC /* HeroListViewModelTests.swift in Sources */,
				7079FE47270B8894009779BC /* MockServiceHandler.swift in Sources */,
				70AF1EB427055AA600CE9460 /* MarvelHeroDirectoryTests.swift in Sources */,
			);
			runOnlyForDeploymentPostprocessing = 0;
		};
		70AF1EB627055AA600CE9460 /* Sources */ = {
			isa = PBXSourcesBuildPhase;
			buildActionMask = 2147483647;
			files = (
				70AF1EBF27055AA600CE9460 /* MarvelHeroDirectoryUITests.swift in Sources */,
			);
			runOnlyForDeploymentPostprocessing = 0;
		};
/* End PBXSourcesBuildPhase section */

/* Begin PBXTargetDependency section */
		70AF1EB127055AA600CE9460 /* PBXTargetDependency */ = {
			isa = PBXTargetDependency;
			target = 70AF1E9527055A9C00CE9460 /* MarvelHeroDirectory */;
			targetProxy = 70AF1EB027055AA600CE9460 /* PBXContainerItemProxy */;
		};
		70AF1EBC27055AA600CE9460 /* PBXTargetDependency */ = {
			isa = PBXTargetDependency;
			target = 70AF1E9527055A9C00CE9460 /* MarvelHeroDirectory */;
			targetProxy = 70AF1EBB27055AA600CE9460 /* PBXContainerItemProxy */;
		};
/* End PBXTargetDependency section */

/* Begin PBXVariantGroup section */
		70AF1E9F27055A9C00CE9460 /* Main.storyboard */ = {
			isa = PBXVariantGroup;
			children = (
				70AF1EA027055A9C00CE9460 /* Base */,
			);
			name = Main.storyboard;
			sourceTree = "<group>";
		};
		70AF1EA727055AA500CE9460 /* LaunchScreen.storyboard */ = {
			isa = PBXVariantGroup;
			children = (
				70AF1EA827055AA500CE9460 /* Base */,
			);
			name = LaunchScreen.storyboard;
			sourceTree = "<group>";
		};
/* End PBXVariantGroup section */

/* Begin XCBuildConfiguration section */
		70AF1EC127055AA600CE9460 /* Debug */ = {
			isa = XCBuildConfiguration;
			buildSettings = {
				ALWAYS_SEARCH_USER_PATHS = NO;
				CLANG_ANALYZER_NONNULL = YES;
				CLANG_ANALYZER_NUMBER_OBJECT_CONVERSION = YES_AGGRESSIVE;
				CLANG_CXX_LANGUAGE_STANDARD = "gnu++14";
				CLANG_CXX_LIBRARY = "libc++";
				CLANG_ENABLE_MODULES = YES;
				CLANG_ENABLE_OBJC_ARC = YES;
				CLANG_ENABLE_OBJC_WEAK = YES;
				CLANG_WARN_BLOCK_CAPTURE_AUTORELEASING = YES;
				CLANG_WARN_BOOL_CONVERSION = YES;
				CLANG_WARN_COMMA = YES;
				CLANG_WARN_CONSTANT_CONVERSION = YES;
				CLANG_WARN_DEPRECATED_OBJC_IMPLEMENTATIONS = YES;
				CLANG_WARN_DIRECT_OBJC_ISA_USAGE = YES_ERROR;
				CLANG_WARN_DOCUMENTATION_COMMENTS = YES;
				CLANG_WARN_EMPTY_BODY = YES;
				CLANG_WARN_ENUM_CONVERSION = YES;
				CLANG_WARN_INFINITE_RECURSION = YES;
				CLANG_WARN_INT_CONVERSION = YES;
				CLANG_WARN_NON_LITERAL_NULL_CONVERSION = YES;
				CLANG_WARN_OBJC_IMPLICIT_RETAIN_SELF = YES;
				CLANG_WARN_OBJC_LITERAL_CONVERSION = YES;
				CLANG_WARN_OBJC_ROOT_CLASS = YES_ERROR;
				CLANG_WARN_QUOTED_INCLUDE_IN_FRAMEWORK_HEADER = YES;
				CLANG_WARN_RANGE_LOOP_ANALYSIS = YES;
				CLANG_WARN_STRICT_PROTOTYPES = YES;
				CLANG_WARN_SUSPICIOUS_MOVE = YES;
				CLANG_WARN_UNGUARDED_AVAILABILITY = YES_AGGRESSIVE;
				CLANG_WARN_UNREACHABLE_CODE = YES;
				CLANG_WARN__DUPLICATE_METHOD_MATCH = YES;
				COPY_PHASE_STRIP = NO;
				DEBUG_INFORMATION_FORMAT = dwarf;
				ENABLE_STRICT_OBJC_MSGSEND = YES;
				ENABLE_TESTABILITY = YES;
				GCC_C_LANGUAGE_STANDARD = gnu11;
				GCC_DYNAMIC_NO_PIC = NO;
				GCC_NO_COMMON_BLOCKS = YES;
				GCC_OPTIMIZATION_LEVEL = 0;
				GCC_PREPROCESSOR_DEFINITIONS = (
					"DEBUG=1",
					"$(inherited)",
				);
				GCC_WARN_64_TO_32_BIT_CONVERSION = YES;
				GCC_WARN_ABOUT_RETURN_TYPE = YES_ERROR;
				GCC_WARN_UNDECLARED_SELECTOR = YES;
				GCC_WARN_UNINITIALIZED_AUTOS = YES_AGGRESSIVE;
				GCC_WARN_UNUSED_FUNCTION = YES;
				GCC_WARN_UNUSED_VARIABLE = YES;
				IPHONEOS_DEPLOYMENT_TARGET = 14.4;
				MTL_ENABLE_DEBUG_INFO = INCLUDE_SOURCE;
				MTL_FAST_MATH = YES;
				ONLY_ACTIVE_ARCH = YES;
				SDKROOT = iphoneos;
				SWIFT_ACTIVE_COMPILATION_CONDITIONS = DEBUG;
				SWIFT_OPTIMIZATION_LEVEL = "-Onone";
			};
			name = Debug;
		};
		70AF1EC227055AA600CE9460 /* Release */ = {
			isa = XCBuildConfiguration;
			buildSettings = {
				ALWAYS_SEARCH_USER_PATHS = NO;
				CLANG_ANALYZER_NONNULL = YES;
				CLANG_ANALYZER_NUMBER_OBJECT_CONVERSION = YES_AGGRESSIVE;
				CLANG_CXX_LANGUAGE_STANDARD = "gnu++14";
				CLANG_CXX_LIBRARY = "libc++";
				CLANG_ENABLE_MODULES = YES;
				CLANG_ENABLE_OBJC_ARC = YES;
				CLANG_ENABLE_OBJC_WEAK = YES;
				CLANG_WARN_BLOCK_CAPTURE_AUTORELEASING = YES;
				CLANG_WARN_BOOL_CONVERSION = YES;
				CLANG_WARN_COMMA = YES;
				CLANG_WARN_CONSTANT_CONVERSION = YES;
				CLANG_WARN_DEPRECATED_OBJC_IMPLEMENTATIONS = YES;
				CLANG_WARN_DIRECT_OBJC_ISA_USAGE = YES_ERROR;
				CLANG_WARN_DOCUMENTATION_COMMENTS = YES;
				CLANG_WARN_EMPTY_BODY = YES;
				CLANG_WARN_ENUM_CONVERSION = YES;
				CLANG_WARN_INFINITE_RECURSION = YES;
				CLANG_WARN_INT_CONVERSION = YES;
				CLANG_WARN_NON_LITERAL_NULL_CONVERSION = YES;
				CLANG_WARN_OBJC_IMPLICIT_RETAIN_SELF = YES;
				CLANG_WARN_OBJC_LITERAL_CONVERSION = YES;
				CLANG_WARN_OBJC_ROOT_CLASS = YES_ERROR;
				CLANG_WARN_QUOTED_INCLUDE_IN_FRAMEWORK_HEADER = YES;
				CLANG_WARN_RANGE_LOOP_ANALYSIS = YES;
				CLANG_WARN_STRICT_PROTOTYPES = YES;
				CLANG_WARN_SUSPICIOUS_MOVE = YES;
				CLANG_WARN_UNGUARDED_AVAILABILITY = YES_AGGRESSIVE;
				CLANG_WARN_UNREACHABLE_CODE = YES;
				CLANG_WARN__DUPLICATE_METHOD_MATCH = YES;
				COPY_PHASE_STRIP = NO;
				DEBUG_INFORMATION_FORMAT = "dwarf-with-dsym";
				ENABLE_NS_ASSERTIONS = NO;
				ENABLE_STRICT_OBJC_MSGSEND = YES;
				GCC_C_LANGUAGE_STANDARD = gnu11;
				GCC_NO_COMMON_BLOCKS = YES;
				GCC_WARN_64_TO_32_BIT_CONVERSION = YES;
				GCC_WARN_ABOUT_RETURN_TYPE = YES_ERROR;
				GCC_WARN_UNDECLARED_SELECTOR = YES;
				GCC_WARN_UNINITIALIZED_AUTOS = YES_AGGRESSIVE;
				GCC_WARN_UNUSED_FUNCTION = YES;
				GCC_WARN_UNUSED_VARIABLE = YES;
				IPHONEOS_DEPLOYMENT_TARGET = 14.4;
				MTL_ENABLE_DEBUG_INFO = NO;
				MTL_FAST_MATH = YES;
				SDKROOT = iphoneos;
				SWIFT_COMPILATION_MODE = wholemodule;
				SWIFT_OPTIMIZATION_LEVEL = "-O";
				VALIDATE_PRODUCT = YES;
			};
			name = Release;
		};
		70AF1EC427055AA600CE9460 /* Debug */ = {
			isa = XCBuildConfiguration;
			buildSettings = {
				ASSETCATALOG_COMPILER_APPICON_NAME = AppIcon;
				ASSETCATALOG_COMPILER_GLOBAL_ACCENT_COLOR_NAME = AccentColor;
				CODE_SIGN_STYLE = Automatic;
				DEVELOPMENT_TEAM = 6DP24HY9QX;
				INFOPLIST_FILE = MarvelHeroDirectory/Info.plist;
				LD_RUNPATH_SEARCH_PATHS = (
					"$(inherited)",
					"@executable_path/Frameworks",
				);
				PRODUCT_BUNDLE_IDENTIFIER = com.DanielMedinaSada.MarvelHeroDirectory;
				PRODUCT_NAME = "$(TARGET_NAME)";
				SWIFT_VERSION = 5.0;
				TARGETED_DEVICE_FAMILY = "1,2";
			};
			name = Debug;
		};
		70AF1EC527055AA600CE9460 /* Release */ = {
			isa = XCBuildConfiguration;
			buildSettings = {
				ASSETCATALOG_COMPILER_APPICON_NAME = AppIcon;
				ASSETCATALOG_COMPILER_GLOBAL_ACCENT_COLOR_NAME = AccentColor;
				CODE_SIGN_STYLE = Automatic;
				DEVELOPMENT_TEAM = 6DP24HY9QX;
				INFOPLIST_FILE = MarvelHeroDirectory/Info.plist;
				LD_RUNPATH_SEARCH_PATHS = (
					"$(inherited)",
					"@executable_path/Frameworks",
				);
				PRODUCT_BUNDLE_IDENTIFIER = com.DanielMedinaSada.MarvelHeroDirectory;
				PRODUCT_NAME = "$(TARGET_NAME)";
				SWIFT_VERSION = 5.0;
				TARGETED_DEVICE_FAMILY = "1,2";
			};
			name = Release;
		};
		70AF1EC727055AA600CE9460 /* Debug */ = {
			isa = XCBuildConfiguration;
			buildSettings = {
				ALWAYS_EMBED_SWIFT_STANDARD_LIBRARIES = YES;
				BUNDLE_LOADER = "$(TEST_HOST)";
				CODE_SIGN_STYLE = Automatic;
				DEVELOPMENT_TEAM = 6DP24HY9QX;
				INFOPLIST_FILE = MarvelHeroDirectoryTests/Info.plist;
				IPHONEOS_DEPLOYMENT_TARGET = 14.4;
				LD_RUNPATH_SEARCH_PATHS = (
					"$(inherited)",
					"@executable_path/Frameworks",
					"@loader_path/Frameworks",
				);
				PRODUCT_BUNDLE_IDENTIFIER = com.DanielMedinaSada.MarvelHeroDirectoryTests;
				PRODUCT_NAME = "$(TARGET_NAME)";
				SWIFT_VERSION = 5.0;
				TARGETED_DEVICE_FAMILY = "1,2";
				TEST_HOST = "$(BUILT_PRODUCTS_DIR)/MarvelHeroDirectory.app/MarvelHeroDirectory";
			};
			name = Debug;
		};
		70AF1EC827055AA600CE9460 /* Release */ = {
			isa = XCBuildConfiguration;
			buildSettings = {
				ALWAYS_EMBED_SWIFT_STANDARD_LIBRARIES = YES;
				BUNDLE_LOADER = "$(TEST_HOST)";
				CODE_SIGN_STYLE = Automatic;
				DEVELOPMENT_TEAM = 6DP24HY9QX;
				INFOPLIST_FILE = MarvelHeroDirectoryTests/Info.plist;
				IPHONEOS_DEPLOYMENT_TARGET = 14.4;
				LD_RUNPATH_SEARCH_PATHS = (
					"$(inherited)",
					"@executable_path/Frameworks",
					"@loader_path/Frameworks",
				);
				PRODUCT_BUNDLE_IDENTIFIER = com.DanielMedinaSada.MarvelHeroDirectoryTests;
				PRODUCT_NAME = "$(TARGET_NAME)";
				SWIFT_VERSION = 5.0;
				TARGETED_DEVICE_FAMILY = "1,2";
				TEST_HOST = "$(BUILT_PRODUCTS_DIR)/MarvelHeroDirectory.app/MarvelHeroDirectory";
			};
			name = Release;
		};
		70AF1ECA27055AA600CE9460 /* Debug */ = {
			isa = XCBuildConfiguration;
			buildSettings = {
				ALWAYS_EMBED_SWIFT_STANDARD_LIBRARIES = YES;
				CODE_SIGN_STYLE = Automatic;
				DEVELOPMENT_TEAM = 6DP24HY9QX;
				INFOPLIST_FILE = MarvelHeroDirectoryUITests/Info.plist;
				LD_RUNPATH_SEARCH_PATHS = (
					"$(inherited)",
					"@executable_path/Frameworks",
					"@loader_path/Frameworks",
				);
				PRODUCT_BUNDLE_IDENTIFIER = com.DanielMedinaSada.MarvelHeroDirectoryUITests;
				PRODUCT_NAME = "$(TARGET_NAME)";
				SWIFT_VERSION = 5.0;
				TARGETED_DEVICE_FAMILY = "1,2";
				TEST_TARGET_NAME = MarvelHeroDirectory;
			};
			name = Debug;
		};
		70AF1ECB27055AA600CE9460 /* Release */ = {
			isa = XCBuildConfiguration;
			buildSettings = {
				ALWAYS_EMBED_SWIFT_STANDARD_LIBRARIES = YES;
				CODE_SIGN_STYLE = Automatic;
				DEVELOPMENT_TEAM = 6DP24HY9QX;
				INFOPLIST_FILE = MarvelHeroDirectoryUITests/Info.plist;
				LD_RUNPATH_SEARCH_PATHS = (
					"$(inherited)",
					"@executable_path/Frameworks",
					"@loader_path/Frameworks",
				);
				PRODUCT_BUNDLE_IDENTIFIER = com.DanielMedinaSada.MarvelHeroDirectoryUITests;
				PRODUCT_NAME = "$(TARGET_NAME)";
				SWIFT_VERSION = 5.0;
				TARGETED_DEVICE_FAMILY = "1,2";
				TEST_TARGET_NAME = MarvelHeroDirectory;
			};
			name = Release;
		};
/* End XCBuildConfiguration section */

/* Begin XCConfigurationList section */
		70AF1E9127055A9C00CE9460 /* Build configuration list for PBXProject "MarvelHeroDirectory" */ = {
			isa = XCConfigurationList;
			buildConfigurations = (
				70AF1EC127055AA600CE9460 /* Debug */,
				70AF1EC227055AA600CE9460 /* Release */,
			);
			defaultConfigurationIsVisible = 0;
			defaultConfigurationName = Release;
		};
		70AF1EC327055AA600CE9460 /* Build configuration list for PBXNativeTarget "MarvelHeroDirectory" */ = {
			isa = XCConfigurationList;
			buildConfigurations = (
				70AF1EC427055AA600CE9460 /* Debug */,
				70AF1EC527055AA600CE9460 /* Release */,
			);
			defaultConfigurationIsVisible = 0;
			defaultConfigurationName = Release;
		};
		70AF1EC627055AA600CE9460 /* Build configuration list for PBXNativeTarget "MarvelHeroDirectoryTests" */ = {
			isa = XCConfigurationList;
			buildConfigurations = (
				70AF1EC727055AA600CE9460 /* Debug */,
				70AF1EC827055AA600CE9460 /* Release */,
			);
			defaultConfigurationIsVisible = 0;
			defaultConfigurationName = Release;
		};
		70AF1EC927055AA600CE9460 /* Build configuration list for PBXNativeTarget "MarvelHeroDirectoryUITests" */ = {
			isa = XCConfigurationList;
			buildConfigurations = (
				70AF1ECA27055AA600CE9460 /* Debug */,
				70AF1ECB27055AA600CE9460 /* Release */,
			);
			defaultConfigurationIsVisible = 0;
			defaultConfigurationName = Release;
		};
/* End XCConfigurationList section */

/* Begin XCVersionGroup section */
		70AF1EA227055A9C00CE9460 /* MarvelHeroDirectory.xcdatamodeld */ = {
			isa = XCVersionGroup;
			children = (
				70AF1EA327055A9C00CE9460 /* MarvelHeroDirectory.xcdatamodel */,
			);
			currentVersion = 70AF1EA327055A9C00CE9460 /* MarvelHeroDirectory.xcdatamodel */;
			path = MarvelHeroDirectory.xcdatamodeld;
			sourceTree = "<group>";
			versionGroupType = wrapper.xcdatamodel;
		};
/* End XCVersionGroup section */
	};
	rootObject = 70AF1E8E27055A9C00CE9460 /* Project object */;
}
